
Microsoft Visual Studio Solution File, Format Version 12.00
# Visual Studio 2013
VisualStudioVersion = 12.0.31101.0
MinimumVisualStudioVersion = 10.0.40219.1
Project("{E24C65DC-7377-472B-9ABA-BC803B73C61A}") = "KnockoutTrain", "http://localhost:11148", "{9277A663-58AB-42F3-9270-9D9A1E2A5714}"
	ProjectSection(WebsiteProperties) = preProject
		UseIISExpress = "true"
		TargetFrameworkMoniker = ".NETFramework,Version%3Dv4.5"
		Debug.AspNetCompiler.VirtualPath = "/localhost_11148"
		Debug.AspNetCompiler.PhysicalPath = "..\..\WebSites\KnockoutTrain\"
		Debug.AspNetCompiler.TargetPath = "PrecompiledWeb\localhost_11148\"
		Debug.AspNetCompiler.Updateable = "true"
		Debug.AspNetCompiler.ForceOverwrite = "true"
		Debug.AspNetCompiler.FixedNames = "false"
		Debug.AspNetCompiler.Debug = "True"
		Release.AspNetCompiler.VirtualPath = "/localhost_11148"
		Release.AspNetCompiler.PhysicalPath = "..\..\WebSites\KnockoutTrain\"
		Release.AspNetCompiler.TargetPath = "PrecompiledWeb\localhost_11148\"
		Release.AspNetCompiler.Updateable = "true"
		Release.AspNetCompiler.ForceOverwrite = "true"
		Release.AspNetCompiler.FixedNames = "false"
		Release.AspNetCompiler.Debug = "False"
		SlnRelativePath = "..\..\WebSites\KnockoutTrain\"
		DefaultWebSiteLanguage = "Visual C#"
	EndProjectSection
EndProject
Global
	GlobalSection(SolutionConfigurationPlatforms) = preSolution
		Debug|Any CPU = Debug|Any CPU
	EndGlobalSection
	GlobalSection(ProjectConfigurationPlatforms) = postSolution
		{9277A663-58AB-42F3-9270-9D9A1E2A5714}.Debug|Any CPU.ActiveCfg = Debug|Any CPU
		{9277A663-58AB-42F3-9270-9D9A1E2A5714}.Debug|Any CPU.Build.0 = Debug|Any CPU
	EndGlobalSection
	GlobalSection(SolutionProperties) = preSolution
		HideSolutionNode = FALSE
	EndGlobalSection
EndGlobal
